
Microsoft Visual Studio Solution File, Format Version 12.00
# Visual Studio Version 17
VisualStudioVersion = 17.14.36811.4 d17.14
MinimumVisualStudioVersion = 10.0.40219.1
Project("{FAE04EC0-301F-11D3-BF4B-00C04F79EFBC}") = "CookMaster", "CookMaster\CookMaster.csproj", "{9164B544-901F-4F57-BD2F-F800A1A7732B}"
EndProject
Global
	GlobalSection(SolutionConfigurationPlatforms) = preSolution
		Debug|Any CPU = Debug|Any CPU
		Release|Any CPU = Release|Any CPU
	EndGlobalSection
	GlobalSection(ProjectConfigurationPlatforms) = postSolution
		{9164B544-901F-4F57-BD2F-F800A1A7732B}.Debug|Any CPU.ActiveCfg = Debug|Any CPU
		{9164B544-901F-4F57-BD2F-F800A1A7732B}.Debug|Any CPU.Build.0 = Debug|Any CPU
		{9164B544-901F-4F57-BD2F-F800A1A7732B}.Release|Any CPU.ActiveCfg = Release|Any CPU
		{9164B544-901F-4F57-BD2F-F800A1A7732B}.Release|Any CPU.Build.0 = Release|Any CPU
	EndGlobalSection
	GlobalSection(SolutionProperties) = preSolution
		HideSolutionNode = FALSE
	EndGlobalSection
	GlobalSection(ExtensibilityGlobals) = postSolution
		SolutionGuid = {8731B102-CCDB-4B2D-9E29-5AB7195A9ED2}
	EndGlobalSection
EndGlobal
